
Microsoft Visual Studio Solution File, Format Version 12.00
# Visual Studio Version 17
VisualStudioVersion = 17.5.002.0
MinimumVisualStudioVersion = 10.0.40219.1
Project("{9A19103F-16F7-4668-BE54-9A1E7A4F7556}") = "Particles", "Particles.csproj", "{03533FDF-ABD0-45B0-8CBF-ED3BC678E4A3}"
EndProject
Global
	GlobalSection(SolutionConfigurationPlatforms) = preSolution
		Debug|Any CPU = Debug|Any CPU
		Release|Any CPU = Release|Any CPU
	EndGlobalSection
	GlobalSection(ProjectConfigurationPlatforms) = postSolution
		{03533FDF-ABD0-45B0-8CBF-ED3BC678E4A3}.Debug|Any CPU.ActiveCfg = Debug|Any CPU
		{03533FDF-ABD0-45B0-8CBF-ED3BC678E4A3}.Debug|Any CPU.Build.0 = Debug|Any CPU
		{03533FDF-ABD0-45B0-8CBF-ED3BC678E4A3}.Release|Any CPU.ActiveCfg = Release|Any CPU
		{03533FDF-ABD0-45B0-8CBF-ED3BC678E4A3}.Release|Any CPU.Build.0 = Release|Any CPU
	EndGlobalSection
	GlobalSection(SolutionProperties) = preSolution
		HideSolutionNode = FALSE
	EndGlobalSection
	GlobalSection(ExtensibilityGlobals) = postSolution
		SolutionGuid = {60771293-2FFC-448E-B01D-E39634BAA476}
	EndGlobalSection
EndGlobal
